
Microsoft Visual Studio Solution File, Format Version 12.00
# Visual Studio Version 16
VisualStudioVersion = 16.0.30717.126
MinimumVisualStudioVersion = 10.0.40219.1
Project("{9A19103F-16F7-4668-BE54-9A1E7A4F7556}") = "CNPJDownloader", "CNPJDownloader.csproj", "{149C6295-E76F-46E3-9C7E-633FD47E3DA2}"
EndProject
Project("{9A19103F-16F7-4668-BE54-9A1E7A4F7556}") = "Domain", "..\Domain\Domain.csproj", "{CAA38781-7E17-46BC-B9E4-F63B14A39F2C}"
EndProject
Project("{9A19103F-16F7-4668-BE54-9A1E7A4F7556}") = "Infra", "..\Infra\Infra.csproj", "{EDD89A4C-BAF5-4F9B-B706-49EE36502FD9}"
EndProject
Global
	GlobalSection(SolutionConfigurationPlatforms) = preSolution
		Debug|Any CPU = Debug|Any CPU
		Release|Any CPU = Release|Any CPU
	EndGlobalSection
	GlobalSection(ProjectConfigurationPlatforms) = postSolution
		{149C6295-E76F-46E3-9C7E-633FD47E3DA2}.Debug|Any CPU.ActiveCfg = Debug|Any CPU
		{149C6295-E76F-46E3-9C7E-633FD47E3DA2}.Debug|Any CPU.Build.0 = Debug|Any CPU
		{149C6295-E76F-46E3-9C7E-633FD47E3DA2}.Release|Any CPU.ActiveCfg = Release|Any CPU
		{149C6295-E76F-46E3-9C7E-633FD47E3DA2}.Release|Any CPU.Build.0 = Release|Any CPU
		{CAA38781-7E17-46BC-B9E4-F63B14A39F2C}.Debug|Any CPU.ActiveCfg = Debug|Any CPU
		{CAA38781-7E17-46BC-B9E4-F63B14A39F2C}.Debug|Any CPU.Build.0 = Debug|Any CPU
		{CAA38781-7E17-46BC-B9E4-F63B14A39F2C}.Release|Any CPU.ActiveCfg = Release|Any CPU
		{CAA38781-7E17-46BC-B9E4-F63B14A39F2C}.Release|Any CPU.Build.0 = Release|Any CPU
		{EDD89A4C-BAF5-4F9B-B706-49EE36502FD9}.Debug|Any CPU.ActiveCfg = Debug|Any CPU
		{EDD89A4C-BAF5-4F9B-B706-49EE36502FD9}.Debug|Any CPU.Build.0 = Debug|Any CPU
		{EDD89A4C-BAF5-4F9B-B706-49EE36502FD9}.Release|Any CPU.ActiveCfg = Release|Any CPU
		{EDD89A4C-BAF5-4F9B-B706-49EE36502FD9}.Release|Any CPU.Build.0 = Release|Any CPU
	EndGlobalSection
	GlobalSection(SolutionProperties) = preSolution
		HideSolutionNode = FALSE
	EndGlobalSection
	GlobalSection(ExtensibilityGlobals) = postSolution
		SolutionGuid = {FBC1456A-50FB-44F4-B5B9-B93C9CFD656F}
	EndGlobalSection
EndGlobal
